
Microsoft Visual Studio Solution File, Format Version 12.00
# Visual Studio 15
VisualStudioVersion = 15.0.26430.15
MinimumVisualStudioVersion = 10.0.40219.1
Project("{FAE04EC0-301F-11D3-BF4B-00C04F79EFBC}") = "Presentacion", "Presentacion\Presentacion.csproj", "{50987006-C3FB-44EE-9483-7784FF11B6DC}"
EndProject
Project("{FAE04EC0-301F-11D3-BF4B-00C04F79EFBC}") = "Datos", "Datos\Datos.csproj", "{1FFC6EBE-16E2-499E-AEEB-DDC0BFB45A32}"
EndProject
Project("{FAE04EC0-301F-11D3-BF4B-00C04F79EFBC}") = "Entidades", "Entidades\Entidades.csproj", "{5747D0CE-FF6D-4F7A-A0D0-6C72884D7BA3}"
EndProject
Project("{FAE04EC0-301F-11D3-BF4B-00C04F79EFBC}") = "Logica", "Logica\Logica.csproj", "{D4EAD3C0-C830-4C34-B6A8-DB775B6A4D75}"
EndProject
Global
	GlobalSection(SolutionConfigurationPlatforms) = preSolution
		Debug|Any CPU = Debug|Any CPU
		Release|Any CPU = Release|Any CPU
	EndGlobalSection
	GlobalSection(ProjectConfigurationPlatforms) = postSolution
		{50987006-C3FB-44EE-9483-7784FF11B6DC}.Debug|Any CPU.ActiveCfg = Debug|Any CPU
		{50987006-C3FB-44EE-9483-7784FF11B6DC}.Debug|Any CPU.Build.0 = Debug|Any CPU
		{50987006-C3FB-44EE-9483-7784FF11B6DC}.Release|Any CPU.ActiveCfg = Release|Any CPU
		{50987006-C3FB-44EE-9483-7784FF11B6DC}.Release|Any CPU.Build.0 = Release|Any CPU
		{1FFC6EBE-16E2-499E-AEEB-DDC0BFB45A32}.Debug|Any CPU.ActiveCfg = Debug|Any CPU
		{1FFC6EBE-16E2-499E-AEEB-DDC0BFB45A32}.Debug|Any CPU.Build.0 = Debug|Any CPU
		{1FFC6EBE-16E2-499E-AEEB-DDC0BFB45A32}.Release|Any CPU.ActiveCfg = Release|Any CPU
		{1FFC6EBE-16E2-499E-AEEB-DDC0BFB45A32}.Release|Any CPU.Build.0 = Release|Any CPU
		{5747D0CE-FF6D-4F7A-A0D0-6C72884D7BA3}.Debug|Any CPU.ActiveCfg = Debug|Any CPU
		{5747D0CE-FF6D-4F7A-A0D0-6C72884D7BA3}.Debug|Any CPU.Build.0 = Debug|Any CPU
		{5747D0CE-FF6D-4F7A-A0D0-6C72884D7BA3}.Release|Any CPU.ActiveCfg = Release|Any CPU
		{5747D0CE-FF6D-4F7A-A0D0-6C72884D7BA3}.Release|Any CPU.Build.0 = Release|Any CPU
		{D4EAD3C0-C830-4C34-B6A8-DB775B6A4D75}.Debug|Any CPU.ActiveCfg = Debug|Any CPU
		{D4EAD3C0-C830-4C34-B6A8-DB775B6A4D75}.Debug|Any CPU.Build.0 = Debug|Any CPU
		{D4EAD3C0-C830-4C34-B6A8-DB775B6A4D75}.Release|Any CPU.ActiveCfg = Release|Any CPU
		{D4EAD3C0-C830-4C34-B6A8-DB775B6A4D75}.Release|Any CPU.Build.0 = Release|Any CPU
	EndGlobalSection
	GlobalSection(SolutionProperties) = preSolution
		HideSolutionNode = FALSE
	EndGlobalSection
EndGlobal
